// !$*UTF8*$!
{
	archiveVersion = 1;
	classes = {
	};
	objectVersion = 55;
	objects = {

/* Begin PBXBuildFile section */
		E68487AC28D37A590069DB65 /* ScanningView.swift in Sources */ = {isa = PBXBuildFile; fileRef = E68487AB28D37A580069DB65 /* ScanningView.swift */; };
		E68487BE28D383750069DB65 /* CameraPreview.swift in Sources */ = {isa = PBXBuildFile; fileRef = E68487B628D383750069DB65 /* CameraPreview.swift */; };
		E68487C328D383750069DB65 /* CameraService.swift in Sources */ = {isa = PBXBuildFile; fileRef = E68487BB28D383750069DB65 /* CameraService.swift */; };
		E68487CC28D399820069DB65 /* CircularView.swift in Sources */ = {isa = PBXBuildFile; fileRef = E68487CB28D399820069DB65 /* CircularView.swift */; };
		E6BCDA6A28D368AE0088DF63 /* CameraScannerApp.swift in Sources */ = {isa = PBXBuildFile; fileRef = E6BCDA6928D368AE0088DF63 /* CameraScannerApp.swift */; };
		E6BCDA6C28D368AE0088DF63 /* ContentView.swift in Sources */ = {isa = PBXBuildFile; fileRef = E6BCDA6B28D368AE0088DF63 /* ContentView.swift */; };
		E6BCDA6E28D368B10088DF63 /* Assets.xcassets in Resources */ = {isa = PBXBuildFile; fileRef = E6BCDA6D28D368B10088DF63 /* Assets.xcassets */; };
		E6BCDA7128D368B10088DF63 /* Preview Assets.xcassets in Resources */ = {isa = PBXBuildFile; fileRef = E6BCDA7028D368B10088DF63 /* Preview Assets.xcassets */; };
/* End PBXBuildFile section */

/* Begin PBXFileReference section */
		E68487AB28D37A580069DB65 /* ScanningView.swift */ = {isa = PBXFileReference; lastKnownFileType = sourcecode.swift; path = ScanningView.swift; sourceTree = "<group>"; };
		E68487B328D381B30069DB65 /* camera-scanner-Info.plist */ = {isa = PBXFileReference; lastKnownFileType = text.plist; path = "camera-scanner-Info.plist"; sourceTree = SOURCE_ROOT; };
		E68487B628D383750069DB65 /* CameraPreview.swift */ = {isa = PBXFileReference; fileEncoding = 4; lastKnownFileType = sourcecode.swift; path = CameraPreview.swift; sourceTree = "<group>"; };
		E68487BB28D383750069DB65 /* CameraService.swift */ = {isa = PBXFileReference; fileEncoding = 4; lastKnownFileType = sourcecode.swift; path = CameraService.swift; sourceTree = "<group>"; };
		E68487CB28D399820069DB65 /* CircularView.swift */ = {isa = PBXFileReference; lastKnownFileType = sourcecode.swift; path = CircularView.swift; sourceTree = "<group>"; };
		E6BCDA6628D368AE0088DF63 /* camera.scanner.app */ = {isa = PBXFileReference; explicitFileType = wrapper.application; includeInIndex = 0; path = camera.scanner.app; sourceTree = BUILT_PRODUCTS_DIR; };
		E6BCDA6928D368AE0088DF63 /* CameraScannerApp.swift */ = {isa = PBXFileReference; lastKnownFileType = sourcecode.swift; path = CameraScannerApp.swift; sourceTree = "<group>"; };
		E6BCDA6B28D368AE0088DF63 /* ContentView.swift */ = {isa = PBXFileReference; lastKnownFileType = sourcecode.swift; path = ContentView.swift; sourceTree = "<group>"; };
		E6BCDA6D28D368B10088DF63 /* Assets.xcassets */ = {isa = PBXFileReference; lastKnownFileType = folder.assetcatalog; path = Assets.xcassets; sourceTree = "<group>"; };
		E6BCDA7028D368B10088DF63 /* Preview Assets.xcassets */ = {isa = PBXFileReference; lastKnownFileType = folder.assetcatalog; path = "Preview Assets.xcassets"; sourceTree = "<group>"; };
/* End PBXFileReference section */

/* Begin PBXFrameworksBuildPhase section */
		E6BCDA6328D368AE0088DF63 /* Frameworks */ = {
			isa = PBXFrameworksBuildPhase;
			buildActionMask = 2147483647;
			files = (
			);
			runOnlyForDeploymentPostprocessing = 0;
		};
/* End PBXFrameworksBuildPhase section */

/* Begin PBXGroup section */
		E68487B428D383750069DB65 /* Service */ = {
			isa = PBXGroup;
			children = (
				E68487BB28D383750069DB65 /* CameraService.swift */,
			);
			path = Service;
			sourceTree = "<group>";
		};
		E68487C728D384DD0069DB65 /* Views */ = {
			isa = PBXGroup;
			children = (
				E6BCDA6B28D368AE0088DF63 /* ContentView.swift */,
				E68487B628D383750069DB65 /* CameraPreview.swift */,
				E68487AB28D37A580069DB65 /* ScanningView.swift */,
				E68487CB28D399820069DB65 /* CircularView.swift */,
			);
			path = Views;
			sourceTree = "<group>";
		};
		E6BCDA5D28D368AE0088DF63 = {
			isa = PBXGroup;
			children = (
				E6BCDA6828D368AE0088DF63 /* camera.scanner */,
				E6BCDA6728D368AE0088DF63 /* Products */,
			);
			sourceTree = "<group>";
		};
		E6BCDA6728D368AE0088DF63 /* Products */ = {
			isa = PBXGroup;
			children = (
				E6BCDA6628D368AE0088DF63 /* camera.scanner.app */,
			);
			name = Products;
			sourceTree = "<group>";
		};
		E6BCDA6828D368AE0088DF63 /* camera.scanner */ = {
			isa = PBXGroup;
			children = (
				E68487C728D384DD0069DB65 /* Views */,
				E68487B428D383750069DB65 /* Service */,
				E68487B328D381B30069DB65 /* camera-scanner-Info.plist */,
				E6BCDA6928D368AE0088DF63 /* CameraScannerApp.swift */,
				E6BCDA6D28D368B10088DF63 /* Assets.xcassets */,
				E6BCDA6F28D368B10088DF63 /* Preview Content */,
			);
			path = camera.scanner;
			sourceTree = "<group>";
		};
		E6BCDA6F28D368B10088DF63 /* Preview Content */ = {
			isa = PBXGroup;
			children = (
				E6BCDA7028D368B10088DF63 /* Preview Assets.xcassets */,
			);
			path = "Preview Content";
			sourceTree = "<group>";
		};
/* End PBXGroup section */

/* Begin PBXNativeTarget section */
		E6BCDA6528D368AE0088DF63 /* camera.scanner */ = {
			isa = PBXNativeTarget;
			buildConfigurationList = E6BCDA7428D368B10088DF63 /* Build configuration list for PBXNativeTarget "camera.scanner" */;
			buildPhases = (
				E6BCDA6228D368AE0088DF63 /* Sources */,
				E6BCDA6328D368AE0088DF63 /* Frameworks */,
				E6BCDA6428D368AE0088DF63 /* Resources */,
			);
			buildRules = (
			);
			dependencies = (
			);
			name = camera.scanner;
			productName = camera.scanner;
			productReference = E6BCDA6628D368AE0088DF63 /* camera.scanner.app */;
			productType = "com.apple.product-type.application";
		};
/* End PBXNativeTarget section */

/* Begin PBXProject section */
		E6BCDA5E28D368AE0088DF63 /* Project object */ = {
			isa = PBXProject;
			attributes = {
				BuildIndependentTargetsInParallel = 1;
				LastSwiftUpdateCheck = 1340;
				LastUpgradeCheck = 1340;
				TargetAttributes = {
					E6BCDA6528D368AE0088DF63 = {
						CreatedOnToolsVersion = 13.4.1;
					};
				};
			};
			buildConfigurationList = E6BCDA6128D368AE0088DF63 /* Build configuration list for PBXProject "camera.scanner" */;
			compatibilityVersion = "Xcode 13.0";
			developmentRegion = en;
			hasScannedForEncodings = 0;
			knownRegions = (
				en,
				Base,
			);
			mainGroup = E6BCDA5D28D368AE0088DF63;
			productRefGroup = E6BCDA6728D368AE0088DF63 /* Products */;
			projectDirPath = "";
			projectRoot = "";
			targets = (
				E6BCDA6528D368AE0088DF63 /* camera.scanner */,
			);
		};
/* End PBXProject section */

/* Begin PBXResourcesBuildPhase section */
		E6BCDA6428D368AE0088DF63 /* Resources */ = {
			isa = PBXResourcesBuildPhase;
			buildActionMask = 2147483647;
			files = (
				E6BCDA7128D368B10088DF63 /* Preview Assets.xcassets in Resources */,
				E6BCDA6E28D368B10088DF63 /* Assets.xcassets in Resources */,
			);
			runOnlyForDeploymentPostprocessing = 0;
		};
/* End PBXResourcesBuildPhase section */

/* Begin PBXSourcesBuildPhase section */
		E6BCDA6228D368AE0088DF63 /* Sources */ = {
			isa = PBXSourcesBuildPhase;
			buildActionMask = 2147483647;
			files = (
				E68487BE28D383750069DB65 /* CameraPreview.swift in Sources */,
				E68487C328D383750069DB65 /* CameraService.swift in Sources */,
				E68487AC28D37A590069DB65 /* ScanningView.swift in Sources */,
				E6BCDA6C28D368AE0088DF63 /* ContentView.swift in Sources */,
				E68487CC28D399820069DB65 /* CircularView.swift in Sources */,
				E6BCDA6A28D368AE0088DF63 /* CameraScannerApp.swift in Sources */,
			);
			runOnlyForDeploymentPostprocessing = 0;
		};
/* End PBXSourcesBuildPhase section */

/* Begin XCBuildConfiguration section */
		E6BCDA7228D368B10088DF63 /* Debug */ = {
			isa = XCBuildConfiguration;
			buildSettings = {
				ALWAYS_SEARCH_USER_PATHS = NO;
				CLANG_ANALYZER_NONNULL = YES;
				CLANG_ANALYZER_NUMBER_OBJECT_CONVERSION = YES_AGGRESSIVE;
				CLANG_CXX_LANGUAGE_STANDARD = "gnu++17";
				CLANG_ENABLE_MODULES = YES;
				CLANG_ENABLE_OBJC_ARC = YES;
				CLANG_ENABLE_OBJC_WEAK = YES;
				CLANG_WARN_BLOCK_CAPTURE_AUTORELEASING = YES;
				CLANG_WARN_BOOL_CONVERSION = YES;
				CLANG_WARN_COMMA = YES;
				CLANG_WARN_CONSTANT_CONVERSION = YES;
				CLANG_WARN_DEPRECATED_OBJC_IMPLEMENTATIONS = YES;
				CLANG_WARN_DIRECT_OBJC_ISA_USAGE = YES_ERROR;
				CLANG_WARN_DOCUMENTATION_COMMENTS = YES;
				CLANG_WARN_EMPTY_BODY = YES;
				CLANG_WARN_ENUM_CONVERSION = YES;
				CLANG_WARN_INFINITE_RECURSION = YES;
				CLANG_WARN_INT_CONVERSION = YES;
				CLANG_WARN_NON_LITERAL_NULL_CONVERSION = YES;
				CLANG_WARN_OBJC_IMPLICIT_RETAIN_SELF = YES;
				CLANG_WARN_OBJC_LITERAL_CONVERSION = YES;
				CLANG_WARN_OBJC_ROOT_CLASS = YES_ERROR;
				CLANG_WARN_QUOTED_INCLUDE_IN_FRAMEWORK_HEADER = YES;
				CLANG_WARN_RANGE_LOOP_ANALYSIS = YES;
				CLANG_WARN_STRICT_PROTOTYPES = YES;
				CLANG_WARN_SUSPICIOUS_MOVE = YES;
				CLANG_WARN_UNGUARDED_AVAILABILITY = YES_AGGRESSIVE;
				CLANG_WARN_UNREACHABLE_CODE = YES;
				CLANG_WARN__DUPLICATE_METHOD_MATCH = YES;
				COPY_PHASE_STRIP = NO;
				DEBUG_INFORMATION_FORMAT = dwarf;
				ENABLE_STRICT_OBJC_MSGSEND = YES;
				ENABLE_TESTABILITY = YES;
				GCC_C_LANGUAGE_STANDARD = gnu11;
				GCC_DYNAMIC_NO_PIC = NO;
				GCC_NO_COMMON_BLOCKS = YES;
				GCC_OPTIMIZATION_LEVEL = 0;
				GCC_PREPROCESSOR_DEFINITIONS = (
					"DEBUG=1",
					"$(inherited)",
				);
				GCC_WARN_64_TO_32_BIT_CONVERSION = YES;
				GCC_WARN_ABOUT_RETURN_TYPE = YES_ERROR;
				GCC_WARN_UNDECLARED_SELECTOR = YES;
				GCC_WARN_UNINITIALIZED_AUTOS = YES_AGGRESSIVE;
				GCC_WARN_UNUSED_FUNCTION = YES;
				GCC_WARN_UNUSED_VARIABLE = YES;
				IPHONEOS_DEPLOYMENT_TARGET = 15.0;
				MTL_ENABLE_DEBUG_INFO = INCLUDE_SOURCE;
				MTL_FAST_MATH = YES;
				ONLY_ACTIVE_ARCH = YES;
				SDKROOT = iphoneos;
				SWIFT_ACTIVE_COMPILATION_CONDITIONS = DEBUG;
				SWIFT_OPTIMIZATION_LEVEL = "-Onone";
			};
			name = Debug;
		};
		E6BCDA7328D368B10088DF63 /* Release */ = {
			isa = XCBuildConfiguration;
			buildSettings = {
				ALWAYS_SEARCH_USER_PATHS = NO;
				CLANG_ANALYZER_NONNULL = YES;
				CLANG_ANALYZER_NUMBER_OBJECT_CONVERSION = YES_AGGRESSIVE;
				CLANG_CXX_LANGUAGE_STANDARD = "gnu++17";
				CLANG_ENABLE_MODULES = YES;
				CLANG_ENABLE_OBJC_ARC = YES;
				CLANG_ENABLE_OBJC_WEAK = YES;
				CLANG_WARN_BLOCK_CAPTURE_AUTORELEASING = YES;
				CLANG_WARN_BOOL_CONVERSION = YES;
				CLANG_WARN_COMMA = YES;
				CLANG_WARN_CONSTANT_CONVERSION = YES;
				CLANG_WARN_DEPRECATED_OBJC_IMPLEMENTATIONS = YES;
				CLANG_WARN_DIRECT_OBJC_ISA_USAGE = YES_ERROR;
				CLANG_WARN_DOCUMENTATION_COMMENTS = YES;
				CLANG_WARN_EMPTY_BODY = YES;
				CLANG_WARN_ENUM_CONVERSION = YES;
				CLANG_WARN_INFINITE_RECURSION = YES;
				CLANG_WARN_INT_CONVERSION = YES;
				CLANG_WARN_NON_LITERAL_NULL_CONVERSION = YES;
				CLANG_WARN_OBJC_IMPLICIT_RETAIN_SELF = YES;
				CLANG_WARN_OBJC_LITERAL_CONVERSION = YES;
				CLANG_WARN_OBJC_ROOT_CLASS = YES_ERROR;
				CLANG_WARN_QUOTED_INCLUDE_IN_FRAMEWORK_HEADER = YES;
				CLANG_WARN_RANGE_LOOP_ANALYSIS = YES;
				CLANG_WARN_STRICT_PROTOTYPES = YES;
				CLANG_WARN_SUSPICIOUS_MOVE = YES;
				CLANG_WARN_UNGUARDED_AVAILABILITY = YES_AGGRESSIVE;
				CLANG_WARN_UNREACHABLE_CODE = YES;
				CLANG_WARN__DUPLICATE_METHOD_MATCH = YES;
				COPY_PHASE_STRIP = NO;
				DEBUG_INFORMATION_FORMAT = "dwarf-with-dsym";
				ENABLE_NS_ASSERTIONS = NO;
				ENABLE_STRICT_OBJC_MSGSEND = YES;
				GCC_C_LANGUAGE_STANDARD = gnu11;
				GCC_NO_COMMON_BLOCKS = YES;
				GCC_WARN_64_TO_32_BIT_CONVERSION = YES;
				GCC_WARN_ABOUT_RETURN_TYPE = YES_ERROR;
				GCC_WARN_UNDECLARED_SELECTOR = YES;
				GCC_WARN_UNINITIALIZED_AUTOS = YES_AGGRESSIVE;
				GCC_WARN_UNUSED_FUNCTION = YES;
				GCC_WARN_UNUSED_VARIABLE = YES;
				IPHONEOS_DEPLOYMENT_TARGET = 15.0;
				MTL_ENABLE_DEBUG_INFO = NO;
				MTL_FAST_MATH = YES;
				SDKROOT = iphoneos;
				SWIFT_COMPILATION_MODE = wholemodule;
				SWIFT_OPTIMIZATION_LEVEL = "-O";
				VALIDATE_PRODUCT = YES;
			};
			name = Release;
		};
		E6BCDA7528D368B10088DF63 /* Debug */ = {
			isa = XCBuildConfiguration;
			buildSettings = {
				ASSETCATALOG_COMPILER_APPICON_NAME = AppIcon;
				ASSETCATALOG_COMPILER_GLOBAL_ACCENT_COLOR_NAME = AccentColor;
				CODE_SIGN_STYLE = Automatic;
				CURRENT_PROJECT_VERSION = 1;
				DEVELOPMENT_ASSET_PATHS = "\"camera.scanner/Preview Content\"";
				DEVELOPMENT_TEAM = E3FZGW57N3;
				ENABLE_PREVIEWS = YES;
				GENERATE_INFOPLIST_FILE = YES;
				INFOPLIST_FILE = "camera-scanner-Info.plist";
				INFOPLIST_KEY_UIApplicationSceneManifest_Generation = YES;
				INFOPLIST_KEY_UIApplicationSupportsIndirectInputEvents = YES;
				INFOPLIST_KEY_UILaunchScreen_Generation = YES;
				INFOPLIST_KEY_UISupportedInterfaceOrientations_iPad = "UIInterfaceOrientationPortrait UIInterfaceOrientationPortraitUpsideDown UIInterfaceOrientationLandscapeLeft UIInterfaceOrientationLandscapeRight";
				INFOPLIST_KEY_UISupportedInterfaceOrientations_iPhone = "UIInterfaceOrientationPortrait UIInterfaceOrientationLandscapeLeft UIInterfaceOrientationLandscapeRight";
				LD_RUNPATH_SEARCH_PATHS = (
					"$(inherited)",
					"@executable_path/Frameworks",
				);
				MARKETING_VERSION = 1.0;
				PRODUCT_BUNDLE_IDENTIFIER = "micniti.camera-scanner";
				PRODUCT_NAME = "$(TARGET_NAME)";
				SWIFT_EMIT_LOC_STRINGS = YES;
				SWIFT_VERSION = 5.0;
				TARGETED_DEVICE_FAMILY = "1,2";
			};
			name = Debug;
		};
		E6BCDA7628D368B10088DF63 /* Release */ = {
			isa = XCBuildConfiguration;
			buildSettings = {
				ASSETCATALOG_COMPILER_APPICON_NAME = AppIcon;
				ASSETCATALOG_COMPILER_GLOBAL_ACCENT_COLOR_NAME = AccentColor;
				CODE_SIGN_STYLE = Automatic;
				CURRENT_PROJECT_VERSION = 1;
				DEVELOPMENT_ASSET_PATHS = "\"camera.scanner/Preview Content\"";
				DEVELOPMENT_TEAM = E3FZGW57N3;
				ENABLE_PREVIEWS = YES;
				GENERATE_INFOPLIST_FILE = YES;
				INFOPLIST_FILE = "camera-scanner-Info.plist";
				INFOPLIST_KEY_UIApplicationSceneManifest_Generation = YES;
				INFOPLIST_KEY_UIApplicationSupportsIndirectInputEvents = YES;
				INFOPLIST_KEY_UILaunchScreen_Generation = YES;
				INFOPLIST_KEY_UISupportedInterfaceOrientations_iPad = "UIInterfaceOrientationPortrait UIInterfaceOrientationPortraitUpsideDown UIInterfaceOrientationLandscapeLeft UIInterfaceOrientationLandscapeRight";
				INFOPLIST_KEY_UISupportedInterfaceOrientations_iPhone = "UIInterfaceOrientationPortrait UIInterfaceOrientationLandscapeLeft UIInterfaceOrientationLandscapeRight";
				LD_RUNPATH_SEARCH_PATHS = (
					"$(inherited)",
					"@executable_path/Frameworks",
				);
				MARKETING_VERSION = 1.0;
				PRODUCT_BUNDLE_IDENTIFIER = "micniti.camera-scanner";
				PRODUCT_NAME = "$(TARGET_NAME)";
				SWIFT_EMIT_LOC_STRINGS = YES;
				SWIFT_VERSION = 5.0;
				TARGETED_DEVICE_FAMILY = "1,2";
			};
			name = Release;
		};
/* End XCBuildConfiguration section */

/* Begin XCConfigurationList section */
		E6BCDA6128D368AE0088DF63 /* Build configuration list for PBXProject "camera.scanner" */ = {
			isa = XCConfigurationList;
			buildConfigurations = (
				E6BCDA7228D368B10088DF63 /* Debug */,
				E6BCDA7328D368B10088DF63 /* Release */,
			);
			defaultConfigurationIsVisible = 0;
			defaultConfigurationName = Release;
		};
		E6BCDA7428D368B10088DF63 /* Build configuration list for PBXNativeTarget "camera.scanner" */ = {
			isa = XCConfigurationList;
			buildConfigurations = (
				E6BCDA7528D368B10088DF63 /* Debug */,
				E6BCDA7628D368B10088DF63 /* Release */,
			);
			defaultConfigurationIsVisible = 0;
			defaultConfigurationName = Release;
		};
/* End XCConfigurationList section */
	};
	rootObject = E6BCDA5E28D368AE0088DF63 /* Project object */;
}
